// !$*UTF8*$!
{
	archiveVersion = 1;
	classes = {
	};
	objectVersion = 46;
	objects = {

/* Begin PBXBuildFile section */
		4EAD4F1D1C74F53100C74893 /* AppDelegate.swift in Sources */ = {isa = PBXBuildFile; fileRef = 4EAD4F1C1C74F53100C74893 /* AppDelegate.swift */; };
		4EAD4F1F1C74F53100C74893 /* ViewController.swift in Sources */ = {isa = PBXBuildFile; fileRef = 4EAD4F1E1C74F53100C74893 /* ViewController.swift */; };
		4EAD4F221C74F53100C74893 /* Main.storyboard in Resources */ = {isa = PBXBuildFile; fileRef = 4EAD4F201C74F53100C74893 /* Main.storyboard */; };
		4EAD4F241C74F53100C74893 /* Assets.xcassets in Resources */ = {isa = PBXBuildFile; fileRef = 4EAD4F231C74F53100C74893 /* Assets.xcassets */; };
		4EAD4F271C74F53100C74893 /* LaunchScreen.storyboard in Resources */ = {isa = PBXBuildFile; fileRef = 4EAD4F251C74F53100C74893 /* LaunchScreen.storyboard */; };
		4EAD4F321C74F53200C74893 /* InstagramProfilePageCloneTests.swift in Sources */ = {isa = PBXBuildFile; fileRef = 4EAD4F311C74F53200C74893 /* InstagramProfilePageCloneTests.swift */; };
		4EAD4F3D1C74F53200C74893 /* InstagramProfilePageCloneUITests.swift in Sources */ = {isa = PBXBuildFile; fileRef = 4EAD4F3C1C74F53200C74893 /* InstagramProfilePageCloneUITests.swift */; };
/* End PBXBuildFile section */

/* Begin PBXContainerItemProxy section */
		4EAD4F2E1C74F53200C74893 /* PBXContainerItemProxy */ = {
			isa = PBXContainerItemProxy;
			containerPortal = 4EAD4F111C74F53100C74893 /* Project object */;
			proxyType = 1;
			remoteGlobalIDString = 4EAD4F181C74F53100C74893;
			remoteInfo = InstagramProfilePageClone;
		};
		4EAD4F391C74F53200C74893 /* PBXContainerItemProxy */ = {
			isa = PBXContainerItemProxy;
			containerPortal = 4EAD4F111C74F53100C74893 /* Project object */;
			proxyType = 1;
			remoteGlobalIDString = 4EAD4F181C74F53100C74893;
			remoteInfo = InstagramProfilePageClone;
		};
/* End PBXContainerItemProxy section */

/* Begin PBXFileReference section */
		4EAD4F191C74F53100C74893 /* InstagramProfilePageClone.app */ = {isa = PBXFileReference; explicitFileType = wrapper.application; includeInIndex = 0; path = InstagramProfilePageClone.app; sourceTree = BUILT_PRODUCTS_DIR; };
		4EAD4F1C1C74F53100C74893 /* AppDelegate.swift */ = {isa = PBXFileReference; lastKnownFileType = sourcecode.swift; path = AppDelegate.swift; sourceTree = "<group>"; };
		4EAD4F1E1C74F53100C74893 /* ViewController.swift */ = {isa = PBXFileReference; lastKnownFileType = sourcecode.swift; path = ViewController.swift; sourceTree = "<group>"; };
		4EAD4F211C74F53100C74893 /* Base */ = {isa = PBXFileReference; lastKnownFileType = file.storyboard; name = Base; path = Base.lproj/Main.storyboard; sourceTree = "<group>"; };
		4EAD4F231C74F53100C74893 /* Assets.xcassets */ = {isa = PBXFileReference; lastKnownFileType = folder.assetcatalog; path = Assets.xcassets; sourceTree = "<group>"; };
		4EAD4F261C74F53100C74893 /* Base */ = {isa = PBXFileReference; lastKnownFileType = file.storyboard; name = Base; path = Base.lproj/LaunchScreen.storyboard; sourceTree = "<group>"; };
		4EAD4F281C74F53200C74893 /* Info.plist */ = {isa = PBXFileReference; lastKnownFileType = text.plist.xml; path = Info.plist; sourceTree = "<group>"; };
		4EAD4F2D1C74F53200C74893 /* InstagramProfilePageCloneTests.xctest */ = {isa = PBXFileReference; explicitFileType = wrapper.cfbundle; includeInIndex = 0; path = InstagramProfilePageCloneTests.xctest; sourceTree = BUILT_PRODUCTS_DIR; };
		4EAD4F311C74F53200C74893 /* InstagramProfilePageCloneTests.swift */ = {isa = PBXFileReference; lastKnownFileType = sourcecode.swift; path = InstagramProfilePageCloneTests.swift; sourceTree = "<group>"; };
		4EAD4F331C74F53200C74893 /* Info.plist */ = {isa = PBXFileReference; lastKnownFileType = text.plist.xml; path = Info.plist; sourceTree = "<group>"; };
		4EAD4F381C74F53200C74893 /* InstagramProfilePageCloneUITests.xctest */ = {isa = PBXFileReference; explicitFileType = wrapper.cfbundle; includeInIndex = 0; path = InstagramProfilePageCloneUITests.xctest; sourceTree = BUILT_PRODUCTS_DIR; };
		4EAD4F3C1C74F53200C74893 /* InstagramProfilePageCloneUITests.swift */ = {isa = PBXFileReference; lastKnownFileType = sourcecode.swift; path = InstagramProfilePageCloneUITests.swift; sourceTree = "<group>"; };
		4EAD4F3E1C74F53200C74893 /* Info.plist */ = {isa = PBXFileReference; lastKnownFileType = text.plist.xml; path = Info.plist; sourceTree = "<group>"; };
/* End PBXFileReference section */

/* Begin PBXFrameworksBuildPhase section */
		4EAD4F161C74F53100C74893 /* Frameworks */ = {
			isa = PBXFrameworksBuildPhase;
			buildActionMask = 2147483647;
			files = (
			);
			runOnlyForDeploymentPostprocessing = 0;
		};
		4EAD4F2A1C74F53200C74893 /* Frameworks */ = {
			isa = PBXFrameworksBuildPhase;
			buildActionMask = 2147483647;
			files = (
			);
			runOnlyForDeploymentPostprocessing = 0;
		};
		4EAD4F351C74F53200C74893 /* Frameworks */ = {
			isa = PBXFrameworksBuildPhase;
			buildActionMask = 2147483647;
			files = (
			);
			runOnlyForDeploymentPostprocessing = 0;
		};
/* End PBXFrameworksBuildPhase section */

/* Begin PBXGroup section */
		4EAD4F101C74F53100C74893 = {
			isa = PBXGroup;
			children = (
				4EAD4F1B1C74F53100C74893 /* InstagramProfilePageClone */,
				4EAD4F301C74F53200C74893 /* InstagramProfilePageCloneTests */,
				4EAD4F3B1C74F53200C74893 /* InstagramProfilePageCloneUITests */,
				4EAD4F1A1C74F53100C74893 /* Products */,
			);
			sourceTree = "<group>";
		};
		4EAD4F1A1C74F53100C74893 /* Products */ = {
			isa = PBXGroup;
			children = (
				4EAD4F191C74F53100C74893 /* InstagramProfilePageClone.app */,
				4EAD4F2D1C74F53200C74893 /* InstagramProfilePageCloneTests.xctest */,
				4EAD4F381C74F53200C74893 /* InstagramProfilePageCloneUITests.xctest */,
			);
			name = Products;
			sourceTree = "<group>";
		};
		4EAD4F1B1C74F53100C74893 /* InstagramProfilePageClone */ = {
			isa = PBXGroup;
			children = (
				4EAD4F1C1C74F53100C74893 /* AppDelegate.swift */,
				4EAD4F1E1C74F53100C74893 /* ViewController.swift */,
				4EAD4F201C74F53100C74893 /* Main.storyboard */,
				4EAD4F231C74F53100C74893 /* Assets.xcassets */,
				4EAD4F251C74F53100C74893 /* LaunchScreen.storyboard */,
				4EAD4F281C74F53200C74893 /* Info.plist */,
			);
			path = InstagramProfilePageClone;
			sourceTree = "<group>";
		};
		4EAD4F301C74F53200C74893 /* InstagramProfilePageCloneTests */ = {
			isa = PBXGroup;
			children = (
				4EAD4F311C74F53200C74893 /* InstagramProfilePageCloneTests.swift */,
				4EAD4F331C74F53200C74893 /* Info.plist */,
			);
			path = InstagramProfilePageCloneTests;
			sourceTree = "<group>";
		};
		4EAD4F3B1C74F53200C74893 /* InstagramProfilePageCloneUITests */ = {
			isa = PBXGroup;
			children = (
				4EAD4F3C1C74F53200C74893 /* InstagramProfilePageCloneUITests.swift */,
				4EAD4F3E1C74F53200C74893 /* Info.plist */,
			);
			path = InstagramProfilePageCloneUITests;
			sourceTree = "<group>";
		};
/* End PBXGroup section */

/* Begin PBXNativeTarget section */
		4EAD4F181C74F53100C74893 /* InstagramProfilePageClone */ = {
			isa = PBXNativeTarget;
			buildConfigurationList = 4EAD4F411C74F53200C74893 /* Build configuration list for PBXNativeTarget "InstagramProfilePageClone" */;
			buildPhases = (
				4EAD4F151C74F53100C74893 /* Sources */,
				4EAD4F161C74F53100C74893 /* Frameworks */,
				4EAD4F171C74F53100C74893 /* Resources */,
			);
			buildRules = (
			);
			dependencies = (
			);
			name = InstagramProfilePageClone;
			productName = InstagramProfilePageClone;
			productReference = 4EAD4F191C74F53100C74893 /* InstagramProfilePageClone.app */;
			productType = "com.apple.product-type.application";
		};
		4EAD4F2C1C74F53200C74893 /* InstagramProfilePageCloneTests */ = {
			isa = PBXNativeTarget;
			buildConfigurationList = 4EAD4F441C74F53200C74893 /* Build configuration list for PBXNativeTarget "InstagramProfilePageCloneTests" */;
			buildPhases = (
				4EAD4F291C74F53200C74893 /* Sources */,
				4EAD4F2A1C74F53200C74893 /* Frameworks */,
				4EAD4F2B1C74F53200C74893 /* Resources */,
			);
			buildRules = (
			);
			dependencies = (
				4EAD4F2F1C74F53200C74893 /* PBXTargetDependency */,
			);
			name = InstagramProfilePageCloneTests;
			productName = InstagramProfilePageCloneTests;
			productReference = 4EAD4F2D1C74F53200C74893 /* InstagramProfilePageCloneTests.xctest */;
			productType = "com.apple.product-type.bundle.unit-test";
		};
		4EAD4F371C74F53200C74893 /* InstagramProfilePageCloneUITests */ = {
			isa = PBXNativeTarget;
			buildConfigurationList = 4EAD4F471C74F53200C74893 /* Build configuration list for PBXNativeTarget "InstagramProfilePageCloneUITests" */;
			buildPhases = (
				4EAD4F341C74F53200C74893 /* Sources */,
				4EAD4F351C74F53200C74893 /* Frameworks */,
				4EAD4F361C74F53200C74893 /* Resources */,
			);
			buildRules = (
			);
			dependencies = (
				4EAD4F3A1C74F53200C74893 /* PBXTargetDependency */,
			);
			name = InstagramProfilePageCloneUITests;
			productName = InstagramProfilePageCloneUITests;
			productReference = 4EAD4F381C74F53200C74893 /* InstagramProfilePageCloneUITests.xctest */;
			productType = "com.apple.product-type.bundle.ui-testing";
		};
/* End PBXNativeTarget section */

/* Begin PBXProject section */
		4EAD4F111C74F53100C74893 /* Project object */ = {
			isa = PBXProject;
			attributes = {
				LastSwiftUpdateCheck = 0720;
				LastUpgradeCheck = 0720;
				ORGANIZATIONNAME = Isai;
				TargetAttributes = {
					4EAD4F181C74F53100C74893 = {
						CreatedOnToolsVersion = 7.2.1;
					};
					4EAD4F2C1C74F53200C74893 = {
						CreatedOnToolsVersion = 7.2.1;
						TestTargetID = 4EAD4F181C74F53100C74893;
					};
					4EAD4F371C74F53200C74893 = {
						CreatedOnToolsVersion = 7.2.1;
						TestTargetID = 4EAD4F181C74F53100C74893;
					};
				};
			};
			buildConfigurationList = 4EAD4F141C74F53100C74893 /* Build configuration list for PBXProject "InstagramProfilePageClone" */;
			compatibilityVersion = "Xcode 3.2";
			developmentRegion = English;
			hasScannedForEncodings = 0;
			knownRegions = (
				en,
				Base,
			);
			mainGroup = 4EAD4F101C74F53100C74893;
			productRefGroup = 4EAD4F1A1C74F53100C74893 /* Products */;
			projectDirPath = "";
			projectRoot = "";
			targets = (
				4EAD4F181C74F53100C74893 /* InstagramProfilePageClone */,
				4EAD4F2C1C74F53200C74893 /* InstagramProfilePageCloneTests */,
				4EAD4F371C74F53200C74893 /* InstagramProfilePageCloneUITests */,
			);
		};
/* End PBXProject section */

/* Begin PBXResourcesBuildPhase section */
		4EAD4F171C74F53100C74893 /* Resources */ = {
			isa = PBXResourcesBuildPhase;
			buildActionMask = 2147483647;
			files = (
				4EAD4F271C74F53100C74893 /* LaunchScreen.storyboard in Resources */,
				4EAD4F241C74F53100C74893 /* Assets.xcassets in Resources */,
				4EAD4F221C74F53100C74893 /* Main.storyboard in Resources */,
			);
			runOnlyForDeploymentPostprocessing = 0;
		};
		4EAD4F2B1C74F53200C74893 /* Resources */ = {
			isa = PBXResourcesBuildPhase;
			buildActionMask = 2147483647;
			files = (
			);
			runOnlyForDeploymentPostprocessing = 0;
		};
		4EAD4F361C74F53200C74893 /* Resources */ = {
			isa = PBXResourcesBuildPhase;
			buildActionMask = 2147483647;
			files = (
			);
			runOnlyForDeploymentPostprocessing = 0;
		};
/* End PBXResourcesBuildPhase section */

/* Begin PBXSourcesBuildPhase section */
		4EAD4F151C74F53100C74893 /* Sources */ = {
			isa = PBXSourcesBuildPhase;
			buildActionMask = 2147483647;
			files = (
				4EAD4F1F1C74F53100C74893 /* ViewController.swift in Sources */,
				4EAD4F1D1C74F53100C74893 /* AppDelegate.swift in Sources */,
			);
			runOnlyForDeploymentPostprocessing = 0;
		};
		4EAD4F291C74F53200C74893 /* Sources */ = {
			isa = PBXSourcesBuildPhase;
			buildActionMask = 2147483647;
			files = (
				4EAD4F321C74F53200C74893 /* InstagramProfilePageCloneTests.swift in Sources */,
			);
			runOnlyForDeploymentPostprocessing = 0;
		};
		4EAD4F341C74F53200C74893 /* Sources */ = {
			isa = PBXSourcesBuildPhase;
			buildActionMask = 2147483647;
			files = (
				4EAD4F3D1C74F53200C74893 /* InstagramProfilePageCloneUITests.swift in Sources */,
			);
			runOnlyForDeploymentPostprocessing = 0;
		};
/* End PBXSourcesBuildPhase section */

/* Begin PBXTargetDependency section */
		4EAD4F2F1C74F53200C74893 /* PBXTargetDependency */ = {
			isa = PBXTargetDependency;
			target = 4EAD4F181C74F53100C74893 /* InstagramProfilePageClone */;
			targetProxy = 4EAD4F2E1C74F53200C74893 /* PBXContainerItemProxy */;
		};
		4EAD4F3A1C74F53200C74893 /* PBXTargetDependency */ = {
			isa = PBXTargetDependency;
			target = 4EAD4F181C74F53100C74893 /* InstagramProfilePageClone */;
			targetProxy = 4EAD4F391C74F53200C74893 /* PBXContainerItemProxy */;
		};
/* End PBXTargetDependency section */

/* Begin PBXVariantGroup section */
		4EAD4F201C74F53100C74893 /* Main.storyboard */ = {
			isa = PBXVariantGroup;
			children = (
				4EAD4F211C74F53100C74893 /* Base */,
			);
			name = Main.storyboard;
			sourceTree = "<group>";
		};
		4EAD4F251C74F53100C74893 /* LaunchScreen.storyboard */ = {
			isa = PBXVariantGroup;
			children = (
				4EAD4F261C74F53100C74893 /* Base */,
			);
			name = LaunchScreen.storyboard;
			sourceTree = "<group>";
		};
/* End PBXVariantGroup section */

/* Begin XCBuildConfiguration section */
		4EAD4F3F1C74F53200C74893 /* Debug */ = {
			isa = XCBuildConfiguration;
			buildSettings = {
				ALWAYS_SEARCH_USER_PATHS = NO;
				CLANG_CXX_LANGUAGE_STANDARD = "gnu++0x";
				CLANG_CXX_LIBRARY = "libc++";
				CLANG_ENABLE_MODULES = YES;
				CLANG_ENABLE_OBJC_ARC = YES;
				CLANG_WARN_BOOL_CONVERSION = YES;
				CLANG_WARN_CONSTANT_CONVERSION = YES;
				CLANG_WARN_DIRECT_OBJC_ISA_USAGE = YES_ERROR;
				CLANG_WARN_EMPTY_BODY = YES;
				CLANG_WARN_ENUM_CONVERSION = YES;
				CLANG_WARN_INT_CONVERSION = YES;
				CLANG_WARN_OBJC_ROOT_CLASS = YES_ERROR;
				CLANG_WARN_UNREACHABLE_CODE = YES;
				CLANG_WARN__DUPLICATE_METHOD_MATCH = YES;
				"CODE_SIGN_IDENTITY[sdk=iphoneos*]" = "iPhone Developer";
				COPY_PHASE_STRIP = NO;
				DEBUG_INFORMATION_FORMAT = dwarf;
				ENABLE_STRICT_OBJC_MSGSEND = YES;
				ENABLE_TESTABILITY = YES;
				GCC_C_LANGUAGE_STANDARD = gnu99;
				GCC_DYNAMIC_NO_PIC = NO;
				GCC_NO_COMMON_BLOCKS = YES;
				GCC_OPTIMIZATION_LEVEL = 0;
				GCC_PREPROCESSOR_DEFINITIONS = (
					"DEBUG=1",
					"$(inherited)",
				);
				GCC_WARN_64_TO_32_BIT_CONVERSION = YES;
				GCC_WARN_ABOUT_RETURN_TYPE = YES_ERROR;
				GCC_WARN_UNDECLARED_SELECTOR = YES;
				GCC_WARN_UNINITIALIZED_AUTOS = YES_AGGRESSIVE;
				GCC_WARN_UNUSED_FUNCTION = YES;
				GCC_WARN_UNUSED_VARIABLE = YES;
				IPHONEOS_DEPLOYMENT_TARGET = 9.2;
				MTL_ENABLE_DEBUG_INFO = YES;
				ONLY_ACTIVE_ARCH = YES;
				SDKROOT = iphoneos;
				SWIFT_OPTIMIZATION_LEVEL = "-Onone";
				TARGETED_DEVICE_FAMILY = "1,2";
			};
			name = Debug;
		};
		4EAD4F401C74F53200C74893 /* Release */ = {
			isa = XCBuildConfiguration;
			buildSettings = {
				ALWAYS_SEARCH_USER_PATHS = NO;
				CLANG_CXX_LANGUAGE_STANDARD = "gnu++0x";
				CLANG_CXX_LIBRARY = "libc++";
				CLANG_ENABLE_MODULES = YES;
				CLANG_ENABLE_OBJC_ARC = YES;
				CLANG_WARN_BOOL_CONVERSION = YES;
				CLANG_WARN_CONSTANT_CONVERSION = YES;
				CLANG_WARN_DIRECT_OBJC_ISA_USAGE = YES_ERROR;
				CLANG_WARN_EMPTY_BODY = YES;
				CLANG_WARN_ENUM_CONVERSION = YES;
				CLANG_WARN_INT_CONVERSION = YES;
				CLANG_WARN_OBJC_ROOT_CLASS = YES_ERROR;
				CLANG_WARN_UNREACHABLE_CODE = YES;
				CLANG_WARN__DUPLICATE_METHOD_MATCH = YES;
				"CODE_SIGN_IDENTITY[sdk=iphoneos*]" = "iPhone Developer";
				COPY_PHASE_STRIP = NO;
				DEBUG_INFORMATION_FORMAT = "dwarf-with-dsym";
				ENABLE_NS_ASSERTIONS = NO;
				ENABLE_STRICT_OBJC_MSGSEND = YES;
				GCC_C_LANGUAGE_STANDARD = gnu99;
				GCC_NO_COMMON_BLOCKS = YES;
				GCC_WARN_64_TO_32_BIT_CONVERSION = YES;
				GCC_WARN_ABOUT_RETURN_TYPE = YES_ERROR;
				GCC_WARN_UNDECLARED_SELECTOR = YES;
				GCC_WARN_UNINITIALIZED_AUTOS = YES_AGGRESSIVE;
				GCC_WARN_UNUSED_FUNCTION = YES;
				GCC_WARN_UNUSED_VARIABLE = YES;
				IPHONEOS_DEPLOYMENT_TARGET = 9.2;
				MTL_ENABLE_DEBUG_INFO = NO;
				SDKROOT = iphoneos;
				TARGETED_DEVICE_FAMILY = "1,2";
				VALIDATE_PRODUCT = YES;
			};
			name = Release;
		};
		4EAD4F421C74F53200C74893 /* Debug */ = {
			isa = XCBuildConfiguration;
			buildSettings = {
				ASSETCATALOG_COMPILER_APPICON_NAME = AppIcon;
				INFOPLIST_FILE = InstagramProfilePageClone/Info.plist;
				LD_RUNPATH_SEARCH_PATHS = "$(inherited) @executable_path/Frameworks";
				PRODUCT_BUNDLE_IDENTIFIER = com.InstagramProfilePageClone;
				PRODUCT_NAME = "$(TARGET_NAME)";
			};
			name = Debug;
		};
		4EAD4F431C74F53200C74893 /* Release */ = {
			isa = XCBuildConfiguration;
			buildSettings = {
				ASSETCATALOG_COMPILER_APPICON_NAME = AppIcon;
				INFOPLIST_FILE = InstagramProfilePageClone/Info.plist;
				LD_RUNPATH_SEARCH_PATHS = "$(inherited) @executable_path/Frameworks";
				PRODUCT_BUNDLE_IDENTIFIER = com.InstagramProfilePageClone;
				PRODUCT_NAME = "$(TARGET_NAME)";
			};
			name = Release;
		};
		4EAD4F451C74F53200C74893 /* Debug */ = {
			isa = XCBuildConfiguration;
			buildSettings = {
				BUNDLE_LOADER = "$(TEST_HOST)";
				INFOPLIST_FILE = InstagramProfilePageCloneTests/Info.plist;
				LD_RUNPATH_SEARCH_PATHS = "$(inherited) @executable_path/Frameworks @loader_path/Frameworks";
				PRODUCT_BUNDLE_IDENTIFIER = com.InstagramProfilePageCloneTests;
				PRODUCT_NAME = "$(TARGET_NAME)";
				TEST_HOST = "$(BUILT_PRODUCTS_DIR)/InstagramProfilePageClone.app/InstagramProfilePageClone";
			};
			name = Debug;
		};
		4EAD4F461C74F53200C74893 /* Release */ = {
			isa = XCBuildConfiguration;
			buildSettings = {
				BUNDLE_LOADER = "$(TEST_HOST)";
				INFOPLIST_FILE = InstagramProfilePageCloneTests/Info.plist;
				LD_RUNPATH_SEARCH_PATHS = "$(inherited) @executable_path/Frameworks @loader_path/Frameworks";
				PRODUCT_BUNDLE_IDENTIFIER = com.InstagramProfilePageCloneTests;
				PRODUCT_NAME = "$(TARGET_NAME)";
				TEST_HOST = "$(BUILT_PRODUCTS_DIR)/InstagramProfilePageClone.app/InstagramProfilePageClone";
			};
			name = Release;
		};
		4EAD4F481C74F53200C74893 /* Debug */ = {
			isa = XCBuildConfiguration;
			buildSettings = {
				INFOPLIST_FILE = InstagramProfilePageCloneUITests/Info.plist;
				LD_RUNPATH_SEARCH_PATHS = "$(inherited) @executable_path/Frameworks @loader_path/Frameworks";
				PRODUCT_BUNDLE_IDENTIFIER = com.InstagramProfilePageCloneUITests;
				PRODUCT_NAME = "$(TARGET_NAME)";
				TEST_TARGET_NAME = InstagramProfilePageClone;
				USES_XCTRUNNER = YES;
			};
			name = Debug;
		};
		4EAD4F491C74F53200C74893 /* Release */ = {
			isa = XCBuildConfiguration;
			buildSettings = {
				INFOPLIST_FILE = InstagramProfilePageCloneUITests/Info.plist;
				LD_RUNPATH_SEARCH_PATHS = "$(inherited) @executable_path/Frameworks @loader_path/Frameworks";
				PRODUCT_BUNDLE_IDENTIFIER = com.InstagramProfilePageCloneUITests;
				PRODUCT_NAME = "$(TARGET_NAME)";
				TEST_TARGET_NAME = InstagramProfilePageClone;
				USES_XCTRUNNER = YES;
			};
			name = Release;
		};
/* End XCBuildConfiguration section */

/* Begin XCConfigurationList section */
		4EAD4F141C74F53100C74893 /* Build configuration list for PBXProject "InstagramProfilePageClone" */ = {
			isa = XCConfigurationList;
			buildConfigurations = (
				4EAD4F3F1C74F53200C74893 /* Debug */,
				4EAD4F401C74F53200C74893 /* Release */,
			);
			defaultConfigurationIsVisible = 0;
			defaultConfigurationName = Release;
		};
		4EAD4F411C74F53200C74893 /* Build configuration list for PBXNativeTarget "InstagramProfilePageClone" */ = {
			isa = XCConfigurationList;
			buildConfigurations = (
				4EAD4F421C74F53200C74893 /* Debug */,
				4EAD4F431C74F53200C74893 /* Release */,
			);
			defaultConfigurationIsVisible = 0;
		};
		4EAD4F441C74F53200C74893 /* Build configuration list for PBXNativeTarget "InstagramProfilePageCloneTests" */ = {
			isa = XCConfigurationList;
			buildConfigurations = (
				4EAD4F451C74F53200C74893 /* Debug */,
				4EAD4F461C74F53200C74893 /* Release */,
			);
			defaultConfigurationIsVisible = 0;
		};
		4EAD4F471C74F53200C74893 /* Build configuration list for PBXNativeTarget "InstagramProfilePageCloneUITests" */ = {
			isa = XCConfigurationList;
			buildConfigurations = (
				4EAD4F481C74F53200C74893 /* Debug */,
				4EAD4F491C74F53200C74893 /* Release */,
			);
			defaultConfigurationIsVisible = 0;
		};
/* End XCConfigurationList section */
	};
	rootObject = 4EAD4F111C74F53100C74893 /* Project object */;
}
